// !$*UTF8*$!
{
	archiveVersion = 1;
	classes = {
	};
	objectVersion = 46;
	objects = {

/* Begin PBXBuildFile section */
		FE30375A1DE27D910069AAC7 /* TacoCell.swift in Sources */ = {isa = PBXBuildFile; fileRef = FE3037581DE27D910069AAC7 /* TacoCell.swift */; };
		FE30375B1DE27D910069AAC7 /* TacoCell.xib in Resources */ = {isa = PBXBuildFile; fileRef = FE3037591DE27D910069AAC7 /* TacoCell.xib */; };
		FE419C011DDEACDC00C675B7 /* AppDelegate.swift in Sources */ = {isa = PBXBuildFile; fileRef = FE419C001DDEACDC00C675B7 /* AppDelegate.swift */; };
		FE419C061DDEACDC00C675B7 /* Main.storyboard in Resources */ = {isa = PBXBuildFile; fileRef = FE419C041DDEACDC00C675B7 /* Main.storyboard */; };
		FE419C0B1DDEACDC00C675B7 /* LaunchScreen.storyboard in Resources */ = {isa = PBXBuildFile; fileRef = FE419C091DDEACDC00C675B7 /* LaunchScreen.storyboard */; };
		FE419C161DDEACDC00C675B7 /* TacoPOPTests.swift in Sources */ = {isa = PBXBuildFile; fileRef = FE419C151DDEACDC00C675B7 /* TacoPOPTests.swift */; };
		FE419C271DDEB09F00C675B7 /* MainVC.swift in Sources */ = {isa = PBXBuildFile; fileRef = FE419C261DDEB09F00C675B7 /* MainVC.swift */; };
		FE419C291DDEB20F00C675B7 /* Assets.xcassets in Resources */ = {isa = PBXBuildFile; fileRef = FE419C281DDEB20F00C675B7 /* Assets.xcassets */; };
		FE419C2B1DDEB53600C675B7 /* DropShadow.swift in Sources */ = {isa = PBXBuildFile; fileRef = FE419C2A1DDEB53600C675B7 /* DropShadow.swift */; };
		FE419C2D1DDEB64100C675B7 /* HeaderView.swift in Sources */ = {isa = PBXBuildFile; fileRef = FE419C2C1DDEB64100C675B7 /* HeaderView.swift */; };
		FE419C2F1DDEB8A300C675B7 /* Taco.swift in Sources */ = {isa = PBXBuildFile; fileRef = FE419C2E1DDEB8A300C675B7 /* Taco.swift */; };
		FE419C311DDEBCB700C675B7 /* DataService.swift in Sources */ = {isa = PBXBuildFile; fileRef = FE419C301DDEBCB700C675B7 /* DataService.swift */; };
/* End PBXBuildFile section */

/* Begin PBXContainerItemProxy section */
		FE419C121DDEACDC00C675B7 /* PBXContainerItemProxy */ = {
			isa = PBXContainerItemProxy;
			containerPortal = FE419BF51DDEACDC00C675B7 /* Project object */;
			proxyType = 1;
			remoteGlobalIDString = FE419BFC1DDEACDC00C675B7;
			remoteInfo = TacoPOP;
		};
/* End PBXContainerItemProxy section */

/* Begin PBXFileReference section */
		FE3037581DE27D910069AAC7 /* TacoCell.swift */ = {isa = PBXFileReference; fileEncoding = 4; lastKnownFileType = sourcecode.swift; path = TacoCell.swift; sourceTree = "<group>"; };
		FE3037591DE27D910069AAC7 /* TacoCell.xib */ = {isa = PBXFileReference; fileEncoding = 4; lastKnownFileType = file.xib; path = TacoCell.xib; sourceTree = "<group>"; };
		FE419BFD1DDEACDC00C675B7 /* TacoPOP.app */ = {isa = PBXFileReference; explicitFileType = wrapper.application; includeInIndex = 0; path = TacoPOP.app; sourceTree = BUILT_PRODUCTS_DIR; };
		FE419C001DDEACDC00C675B7 /* AppDelegate.swift */ = {isa = PBXFileReference; lastKnownFileType = sourcecode.swift; path = AppDelegate.swift; sourceTree = "<group>"; };
		FE419C051DDEACDC00C675B7 /* Base */ = {isa = PBXFileReference; lastKnownFileType = file.storyboard; name = Base; path = Base.lproj/Main.storyboard; sourceTree = "<group>"; };
		FE419C0A1DDEACDC00C675B7 /* Base */ = {isa = PBXFileReference; lastKnownFileType = file.storyboard; name = Base; path = Base.lproj/LaunchScreen.storyboard; sourceTree = "<group>"; };
		FE419C0C1DDEACDC00C675B7 /* Info.plist */ = {isa = PBXFileReference; lastKnownFileType = text.plist.xml; path = Info.plist; sourceTree = "<group>"; };
		FE419C111DDEACDC00C675B7 /* TacoPOPTests.xctest */ = {isa = PBXFileReference; explicitFileType = wrapper.cfbundle; includeInIndex = 0; path = TacoPOPTests.xctest; sourceTree = BUILT_PRODUCTS_DIR; };
		FE419C151DDEACDC00C675B7 /* TacoPOPTests.swift */ = {isa = PBXFileReference; lastKnownFileType = sourcecode.swift; path = TacoPOPTests.swift; sourceTree = "<group>"; };
		FE419C171DDEACDC00C675B7 /* Info.plist */ = {isa = PBXFileReference; lastKnownFileType = text.plist.xml; path = Info.plist; sourceTree = "<group>"; };
		FE419C261DDEB09F00C675B7 /* MainVC.swift */ = {isa = PBXFileReference; fileEncoding = 4; lastKnownFileType = sourcecode.swift; path = MainVC.swift; sourceTree = "<group>"; };
		FE419C281DDEB20F00C675B7 /* Assets.xcassets */ = {isa = PBXFileReference; lastKnownFileType = folder.assetcatalog; path = Assets.xcassets; sourceTree = "<group>"; };
		FE419C2A1DDEB53600C675B7 /* DropShadow.swift */ = {isa = PBXFileReference; fileEncoding = 4; lastKnownFileType = sourcecode.swift; path = DropShadow.swift; sourceTree = "<group>"; };
		FE419C2C1DDEB64100C675B7 /* HeaderView.swift */ = {isa = PBXFileReference; fileEncoding = 4; lastKnownFileType = sourcecode.swift; path = HeaderView.swift; sourceTree = "<group>"; };
		FE419C2E1DDEB8A300C675B7 /* Taco.swift */ = {isa = PBXFileReference; fileEncoding = 4; lastKnownFileType = sourcecode.swift; path = Taco.swift; sourceTree = "<group>"; };
		FE419C301DDEBCB700C675B7 /* DataService.swift */ = {isa = PBXFileReference; fileEncoding = 4; lastKnownFileType = sourcecode.swift; path = DataService.swift; sourceTree = "<group>"; };
/* End PBXFileReference section */

/* Begin PBXFrameworksBuildPhase section */
		FE419BFA1DDEACDC00C675B7 /* Frameworks */ = {
			isa = PBXFrameworksBuildPhase;
			buildActionMask = 2147483647;
			files = (
			);
			runOnlyForDeploymentPostprocessing = 0;
		};
		FE419C0E1DDEACDC00C675B7 /* Frameworks */ = {
			isa = PBXFrameworksBuildPhase;
			buildActionMask = 2147483647;
			files = (
			);
			runOnlyForDeploymentPostprocessing = 0;
		};
/* End PBXFrameworksBuildPhase section */

/* Begin PBXGroup section */
		FE419BF41DDEACDC00C675B7 = {
			isa = PBXGroup;
			children = (
				FE419BFF1DDEACDC00C675B7 /* TacoPOP */,
				FE419C141DDEACDC00C675B7 /* TacoPOPTests */,
				FE419BFE1DDEACDC00C675B7 /* Products */,
			);
			sourceTree = "<group>";
		};
		FE419BFE1DDEACDC00C675B7 /* Products */ = {
			isa = PBXGroup;
			children = (
				FE419BFD1DDEACDC00C675B7 /* TacoPOP.app */,
				FE419C111DDEACDC00C675B7 /* TacoPOPTests.xctest */,
			);
			name = Products;
			sourceTree = "<group>";
		};
		FE419BFF1DDEACDC00C675B7 /* TacoPOP */ = {
			isa = PBXGroup;
			children = (
				FE419C251DDEB04700C675B7 /* Extensions */,
				FE419C241DDEB03C00C675B7 /* Protocols */,
				FE419C221DDEB01B00C675B7 /* Model */,
				FE419C211DDEB01600C675B7 /* View */,
				FE419C201DDEB00D00C675B7 /* Controller */,
				FE419C231DDEB02700C675B7 /* Resources */,
			);
			path = TacoPOP;
			sourceTree = "<group>";
		};
		FE419C141DDEACDC00C675B7 /* TacoPOPTests */ = {
			isa = PBXGroup;
			children = (
				FE419C151DDEACDC00C675B7 /* TacoPOPTests.swift */,
				FE419C171DDEACDC00C675B7 /* Info.plist */,
			);
			path = TacoPOPTests;
			sourceTree = "<group>";
		};
		FE419C201DDEB00D00C675B7 /* Controller */ = {
			isa = PBXGroup;
			children = (
				FE419C001DDEACDC00C675B7 /* AppDelegate.swift */,
				FE419C261DDEB09F00C675B7 /* MainVC.swift */,
			);
			name = Controller;
			sourceTree = "<group>";
		};
		FE419C211DDEB01600C675B7 /* View */ = {
			isa = PBXGroup;
			children = (
				FE419C091DDEACDC00C675B7 /* LaunchScreen.storyboard */,
				FE419C041DDEACDC00C675B7 /* Main.storyboard */,
				FE419C2C1DDEB64100C675B7 /* HeaderView.swift */,
				FE3037581DE27D910069AAC7 /* TacoCell.swift */,
				FE3037591DE27D910069AAC7 /* TacoCell.xib */,
			);
			name = View;
			sourceTree = "<group>";
		};
		FE419C221DDEB01B00C675B7 /* Model */ = {
			isa = PBXGroup;
			children = (
				FE419C2E1DDEB8A300C675B7 /* Taco.swift */,
				FE419C301DDEBCB700C675B7 /* DataService.swift */,
			);
			name = Model;
			sourceTree = "<group>";
		};
		FE419C231DDEB02700C675B7 /* Resources */ = {
			isa = PBXGroup;
			children = (
				FE419C281DDEB20F00C675B7 /* Assets.xcassets */,
				FE419C0C1DDEACDC00C675B7 /* Info.plist */,
			);
			name = Resources;
			sourceTree = "<group>";
		};
		FE419C241DDEB03C00C675B7 /* Protocols */ = {
			isa = PBXGroup;
			children = (
				FE419C2A1DDEB53600C675B7 /* DropShadow.swift */,
			);
			name = Protocols;
			sourceTree = "<group>";
		};
		FE419C251DDEB04700C675B7 /* Extensions */ = {
			isa = PBXGroup;
			children = (
			);
			name = Extensions;
			sourceTree = "<group>";
		};
/* End PBXGroup section */

/* Begin PBXNativeTarget section */
		FE419BFC1DDEACDC00C675B7 /* TacoPOP */ = {
			isa = PBXNativeTarget;
			buildConfigurationList = FE419C1A1DDEACDC00C675B7 /* Build configuration list for PBXNativeTarget "TacoPOP" */;
			buildPhases = (
				FE419BF91DDEACDC00C675B7 /* Sources */,
				FE419BFA1DDEACDC00C675B7 /* Frameworks */,
				FE419BFB1DDEACDC00C675B7 /* Resources */,
			);
			buildRules = (
			);
			dependencies = (
			);
			name = TacoPOP;
			productName = TacoPOP;
			productReference = FE419BFD1DDEACDC00C675B7 /* TacoPOP.app */;
			productType = "com.apple.product-type.application";
		};
		FE419C101DDEACDC00C675B7 /* TacoPOPTests */ = {
			isa = PBXNativeTarget;
			buildConfigurationList = FE419C1D1DDEACDC00C675B7 /* Build configuration list for PBXNativeTarget "TacoPOPTests" */;
			buildPhases = (
				FE419C0D1DDEACDC00C675B7 /* Sources */,
				FE419C0E1DDEACDC00C675B7 /* Frameworks */,
				FE419C0F1DDEACDC00C675B7 /* Resources */,
			);
			buildRules = (
			);
			dependencies = (
				FE419C131DDEACDC00C675B7 /* PBXTargetDependency */,
			);
			name = TacoPOPTests;
			productName = TacoPOPTests;
			productReference = FE419C111DDEACDC00C675B7 /* TacoPOPTests.xctest */;
			productType = "com.apple.product-type.bundle.unit-test";
		};
/* End PBXNativeTarget section */

/* Begin PBXProject section */
		FE419BF51DDEACDC00C675B7 /* Project object */ = {
			isa = PBXProject;
			attributes = {
				LastSwiftUpdateCheck = 0810;
				LastUpgradeCheck = 0810;
				ORGANIZATIONNAME = PomHaffs;
				TargetAttributes = {
					FE419BFC1DDEACDC00C675B7 = {
						CreatedOnToolsVersion = 8.1;
						DevelopmentTeam = KDG44MVL2D;
						ProvisioningStyle = Automatic;
					};
					FE419C101DDEACDC00C675B7 = {
						CreatedOnToolsVersion = 8.1;
						DevelopmentTeam = KDG44MVL2D;
						ProvisioningStyle = Automatic;
						TestTargetID = FE419BFC1DDEACDC00C675B7;
					};
				};
			};
			buildConfigurationList = FE419BF81DDEACDC00C675B7 /* Build configuration list for PBXProject "TacoPOP" */;
			compatibilityVersion = "Xcode 3.2";
			developmentRegion = English;
			hasScannedForEncodings = 0;
			knownRegions = (
				en,
				Base,
			);
			mainGroup = FE419BF41DDEACDC00C675B7;
			productRefGroup = FE419BFE1DDEACDC00C675B7 /* Products */;
			projectDirPath = "";
			projectRoot = "";
			targets = (
				FE419BFC1DDEACDC00C675B7 /* TacoPOP */,
				FE419C101DDEACDC00C675B7 /* TacoPOPTests */,
			);
		};
/* End PBXProject section */

/* Begin PBXResourcesBuildPhase section */
		FE419BFB1DDEACDC00C675B7 /* Resources */ = {
			isa = PBXResourcesBuildPhase;
			buildActionMask = 2147483647;
			files = (
				FE30375B1DE27D910069AAC7 /* TacoCell.xib in Resources */,
				FE419C0B1DDEACDC00C675B7 /* LaunchScreen.storyboard in Resources */,
				FE419C291DDEB20F00C675B7 /* Assets.xcassets in Resources */,
				FE419C061DDEACDC00C675B7 /* Main.storyboard in Resources */,
			);
			runOnlyForDeploymentPostprocessing = 0;
		};
		FE419C0F1DDEACDC00C675B7 /* Resources */ = {
			isa = PBXResourcesBuildPhase;
			buildActionMask = 2147483647;
			files = (
			);
			runOnlyForDeploymentPostprocessing = 0;
		};
/* End PBXResourcesBuildPhase section */

/* Begin PBXSourcesBuildPhase section */
		FE419BF91DDEACDC00C675B7 /* Sources */ = {
			isa = PBXSourcesBuildPhase;
			buildActionMask = 2147483647;
			files = (
				FE30375A1DE27D910069AAC7 /* TacoCell.swift in Sources */,
				FE419C011DDEACDC00C675B7 /* AppDelegate.swift in Sources */,
				FE419C2B1DDEB53600C675B7 /* DropShadow.swift in Sources */,
				FE419C271DDEB09F00C675B7 /* MainVC.swift in Sources */,
				FE419C311DDEBCB700C675B7 /* DataService.swift in Sources */,
				FE419C2F1DDEB8A300C675B7 /* Taco.swift in Sources */,
				FE419C2D1DDEB64100C675B7 /* HeaderView.swift in Sources */,
			);
			runOnlyForDeploymentPostprocessing = 0;
		};
		FE419C0D1DDEACDC00C675B7 /* Sources */ = {
			isa = PBXSourcesBuildPhase;
			buildActionMask = 2147483647;
			files = (
				FE419C161DDEACDC00C675B7 /* TacoPOPTests.swift in Sources */,
			);
			runOnlyForDeploymentPostprocessing = 0;
		};
/* End PBXSourcesBuildPhase section */

/* Begin PBXTargetDependency section */
		FE419C131DDEACDC00C675B7 /* PBXTargetDependency */ = {
			isa = PBXTargetDependency;
			target = FE419BFC1DDEACDC00C675B7 /* TacoPOP */;
			targetProxy = FE419C121DDEACDC00C675B7 /* PBXContainerItemProxy */;
		};
/* End PBXTargetDependency section */

/* Begin PBXVariantGroup section */
		FE419C041DDEACDC00C675B7 /* Main.storyboard */ = {
			isa = PBXVariantGroup;
			children = (
				FE419C051DDEACDC00C675B7 /* Base */,
			);
			name = Main.storyboard;
			sourceTree = "<group>";
		};
		FE419C091DDEACDC00C675B7 /* LaunchScreen.storyboard */ = {
			isa = PBXVariantGroup;
			children = (
				FE419C0A1DDEACDC00C675B7 /* Base */,
			);
			name = LaunchScreen.storyboard;
			sourceTree = "<group>";
		};
/* End PBXVariantGroup section */

/* Begin XCBuildConfiguration section */
		FE419C181DDEACDC00C675B7 /* Debug */ = {
			isa = XCBuildConfiguration;
			buildSettings = {
				ALWAYS_SEARCH_USER_PATHS = NO;
				CLANG_ANALYZER_NONNULL = YES;
				CLANG_CXX_LANGUAGE_STANDARD = "gnu++0x";
				CLANG_CXX_LIBRARY = "libc++";
				CLANG_ENABLE_MODULES = YES;
				CLANG_ENABLE_OBJC_ARC = YES;
				CLANG_WARN_BOOL_CONVERSION = YES;
				CLANG_WARN_CONSTANT_CONVERSION = YES;
				CLANG_WARN_DIRECT_OBJC_ISA_USAGE = YES_ERROR;
				CLANG_WARN_DOCUMENTATION_COMMENTS = YES;
				CLANG_WARN_EMPTY_BODY = YES;
				CLANG_WARN_ENUM_CONVERSION = YES;
				CLANG_WARN_INFINITE_RECURSION = YES;
				CLANG_WARN_INT_CONVERSION = YES;
				CLANG_WARN_OBJC_ROOT_CLASS = YES_ERROR;
				CLANG_WARN_SUSPICIOUS_MOVES = YES;
				CLANG_WARN_UNREACHABLE_CODE = YES;
				CLANG_WARN__DUPLICATE_METHOD_MATCH = YES;
				"CODE_SIGN_IDENTITY[sdk=iphoneos*]" = "iPhone Developer";
				COPY_PHASE_STRIP = NO;
				DEBUG_INFORMATION_FORMAT = dwarf;
				ENABLE_STRICT_OBJC_MSGSEND = YES;
				ENABLE_TESTABILITY = YES;
				GCC_C_LANGUAGE_STANDARD = gnu99;
				GCC_DYNAMIC_NO_PIC = NO;
				GCC_NO_COMMON_BLOCKS = YES;
				GCC_OPTIMIZATION_LEVEL = 0;
				GCC_PREPROCESSOR_DEFINITIONS = (
					"DEBUG=1",
					"$(inherited)",
				);
				GCC_WARN_64_TO_32_BIT_CONVERSION = YES;
				GCC_WARN_ABOUT_RETURN_TYPE = YES_ERROR;
				GCC_WARN_UNDECLARED_SELECTOR = YES;
				GCC_WARN_UNINITIALIZED_AUTOS = YES_AGGRESSIVE;
				GCC_WARN_UNUSED_FUNCTION = YES;
				GCC_WARN_UNUSED_VARIABLE = YES;
				IPHONEOS_DEPLOYMENT_TARGET = 10.1;
				MTL_ENABLE_DEBUG_INFO = YES;
				ONLY_ACTIVE_ARCH = YES;
				SDKROOT = iphoneos;
				SWIFT_ACTIVE_COMPILATION_CONDITIONS = DEBUG;
				SWIFT_OPTIMIZATION_LEVEL = "-Onone";
			};
			name = Debug;
		};
		FE419C191DDEACDC00C675B7 /* Release */ = {
			isa = XCBuildConfiguration;
			buildSettings = {
				ALWAYS_SEARCH_USER_PATHS = NO;
				CLANG_ANALYZER_NONNULL = YES;
				CLANG_CXX_LANGUAGE_STANDARD = "gnu++0x";
				CLANG_CXX_LIBRARY = "libc++";
				CLANG_ENABLE_MODULES = YES;
				CLANG_ENABLE_OBJC_ARC = YES;
				CLANG_WARN_BOOL_CONVERSION = YES;
				CLANG_WARN_CONSTANT_CONVERSION = YES;
				CLANG_WARN_DIRECT_OBJC_ISA_USAGE = YES_ERROR;
				CLANG_WARN_DOCUMENTATION_COMMENTS = YES;
				CLANG_WARN_EMPTY_BODY = YES;
				CLANG_WARN_ENUM_CONVERSION = YES;
				CLANG_WARN_INFINITE_RECURSION = YES;
				CLANG_WARN_INT_CONVERSION = YES;
				CLANG_WARN_OBJC_ROOT_CLASS = YES_ERROR;
				CLANG_WARN_SUSPICIOUS_MOVES = YES;
				CLANG_WARN_UNREACHABLE_CODE = YES;
				CLANG_WARN__DUPLICATE_METHOD_MATCH = YES;
				"CODE_SIGN_IDENTITY[sdk=iphoneos*]" = "iPhone Developer";
				COPY_PHASE_STRIP = NO;
				DEBUG_INFORMATION_FORMAT = "dwarf-with-dsym";
				ENABLE_NS_ASSERTIONS = NO;
				ENABLE_STRICT_OBJC_MSGSEND = YES;
				GCC_C_LANGUAGE_STANDARD = gnu99;
				GCC_NO_COMMON_BLOCKS = YES;
				GCC_WARN_64_TO_32_BIT_CONVERSION = YES;
				GCC_WARN_ABOUT_RETURN_TYPE = YES_ERROR;
				GCC_WARN_UNDECLARED_SELECTOR = YES;
				GCC_WARN_UNINITIALIZED_AUTOS = YES_AGGRESSIVE;
				GCC_WARN_UNUSED_FUNCTION = YES;
				GCC_WARN_UNUSED_VARIABLE = YES;
				IPHONEOS_DEPLOYMENT_TARGET = 10.1;
				MTL_ENABLE_DEBUG_INFO = NO;
				SDKROOT = iphoneos;
				SWIFT_OPTIMIZATION_LEVEL = "-Owholemodule";
				VALIDATE_PRODUCT = YES;
			};
			name = Release;
		};
		FE419C1B1DDEACDC00C675B7 /* Debug */ = {
			isa = XCBuildConfiguration;
			buildSettings = {
				ASSETCATALOG_COMPILER_APPICON_NAME = AppIcon;
				DEVELOPMENT_TEAM = KDG44MVL2D;
				INFOPLIST_FILE = TacoPOP/Info.plist;
				LD_RUNPATH_SEARCH_PATHS = "$(inherited) @executable_path/Frameworks";
				PRODUCT_BUNDLE_IDENTIFIER = PomHaffs.TacoPOP;
				PRODUCT_NAME = "$(TARGET_NAME)";
				SWIFT_VERSION = 3.0;
			};
			name = Debug;
		};
		FE419C1C1DDEACDC00C675B7 /* Release */ = {
			isa = XCBuildConfiguration;
			buildSettings = {
				ASSETCATALOG_COMPILER_APPICON_NAME = AppIcon;
				DEVELOPMENT_TEAM = KDG44MVL2D;
				INFOPLIST_FILE = TacoPOP/Info.plist;
				LD_RUNPATH_SEARCH_PATHS = "$(inherited) @executable_path/Frameworks";
				PRODUCT_BUNDLE_IDENTIFIER = PomHaffs.TacoPOP;
				PRODUCT_NAME = "$(TARGET_NAME)";
				SWIFT_VERSION = 3.0;
			};
			name = Release;
		};
		FE419C1E1DDEACDC00C675B7 /* Debug */ = {
			isa = XCBuildConfiguration;
			buildSettings = {
				ALWAYS_EMBED_SWIFT_STANDARD_LIBRARIES = YES;
				BUNDLE_LOADER = "$(TEST_HOST)";
				DEVELOPMENT_TEAM = KDG44MVL2D;
				INFOPLIST_FILE = TacoPOPTests/Info.plist;
				LD_RUNPATH_SEARCH_PATHS = "$(inherited) @executable_path/Frameworks @loader_path/Frameworks";
				PRODUCT_BUNDLE_IDENTIFIER = PomHaffs.TacoPOPTests;
				PRODUCT_NAME = "$(TARGET_NAME)";
				SWIFT_VERSION = 3.0;
				TEST_HOST = "$(BUILT_PRODUCTS_DIR)/TacoPOP.app/TacoPOP";
			};
			name = Debug;
		};
		FE419C1F1DDEACDC00C675B7 /* Release */ = {
			isa = XCBuildConfiguration;
			buildSettings = {
				ALWAYS_EMBED_SWIFT_STANDARD_LIBRARIES = YES;
				BUNDLE_LOADER = "$(TEST_HOST)";
				DEVELOPMENT_TEAM = KDG44MVL2D;
				INFOPLIST_FILE = TacoPOPTests/Info.plist;
				LD_RUNPATH_SEARCH_PATHS = "$(inherited) @executable_path/Frameworks @loader_path/Frameworks";
				PRODUCT_BUNDLE_IDENTIFIER = PomHaffs.TacoPOPTests;
				PRODUCT_NAME = "$(TARGET_NAME)";
				SWIFT_VERSION = 3.0;
				TEST_HOST = "$(BUILT_PRODUCTS_DIR)/TacoPOP.app/TacoPOP";
			};
			name = Release;
		};
/* End XCBuildConfiguration section */

/* Begin XCConfigurationList section */
		FE419BF81DDEACDC00C675B7 /* Build configuration list for PBXProject "TacoPOP" */ = {
			isa = XCConfigurationList;
			buildConfigurations = (
				FE419C181DDEACDC00C675B7 /* Debug */,
				FE419C191DDEACDC00C675B7 /* Release */,
			);
			defaultConfigurationIsVisible = 0;
			defaultConfigurationName = Release;
		};
		FE419C1A1DDEACDC00C675B7 /* Build configuration list for PBXNativeTarget "TacoPOP" */ = {
			isa = XCConfigurationList;
			buildConfigurations = (
				FE419C1B1DDEACDC00C675B7 /* Debug */,
				FE419C1C1DDEACDC00C675B7 /* Release */,
			);
			defaultConfigurationIsVisible = 0;
			defaultConfigurationName = Release;
		};
		FE419C1D1DDEACDC00C675B7 /* Build configuration list for PBXNativeTarget "TacoPOPTests" */ = {
			isa = XCConfigurationList;
			buildConfigurations = (
				FE419C1E1DDEACDC00C675B7 /* Debug */,
				FE419C1F1DDEACDC00C675B7 /* Release */,
			);
			defaultConfigurationIsVisible = 0;
			defaultConfigurationName = Release;
		};
/* End XCConfigurationList section */
	};
	rootObject = FE419BF51DDEACDC00C675B7 /* Project object */;
}
